
Microsoft Visual Studio Solution File, Format Version 12.00
# Visual Studio Version 17
VisualStudioVersion = 17.8.34525.116
MinimumVisualStudioVersion = 10.0.40219.1
Project("{FAE04EC0-301F-11D3-BF4B-00C04F79EFBC}") = "Dijkstra", "Dijkstra\Dijkstra.csproj", "{02F6A276-10B0-453B-90CC-51D7C802C972}"
EndProject
Global
	GlobalSection(SolutionConfigurationPlatforms) = preSolution
		Debug|Any CPU = Debug|Any CPU
		Release|Any CPU = Release|Any CPU
	EndGlobalSection
	GlobalSection(ProjectConfigurationPlatforms) = postSolution
		{02F6A276-10B0-453B-90CC-51D7C802C972}.Debug|Any CPU.ActiveCfg = Debug|Any CPU
		{02F6A276-10B0-453B-90CC-51D7C802C972}.Debug|Any CPU.Build.0 = Debug|Any CPU
		{02F6A276-10B0-453B-90CC-51D7C802C972}.Release|Any CPU.ActiveCfg = Release|Any CPU
		{02F6A276-10B0-453B-90CC-51D7C802C972}.Release|Any CPU.Build.0 = Release|Any CPU
	EndGlobalSection
	GlobalSection(SolutionProperties) = preSolution
		HideSolutionNode = FALSE
	EndGlobalSection
	GlobalSection(ExtensibilityGlobals) = postSolution
		SolutionGuid = {301DE689-C6A3-44C2-9739-068583669FC0}
	EndGlobalSection
EndGlobal
